
Microsoft Visual Studio Solution File, Format Version 12.00
# Visual Studio Version 16
VisualStudioVersion = 16.0.31205.134
MinimumVisualStudioVersion = 10.0.40219.1
Project("{9A19103F-16F7-4668-BE54-9A1E7A4F7556}") = "HelloWorldConsoleApplication", "ConsoleApp1\HelloWorldConsoleApplication.csproj", "{45379723-1AEB-4946-95F5-B4315AE8CD2C}"
EndProject
Global
	GlobalSection(SolutionConfigurationPlatforms) = preSolution
		Debug|Any CPU = Debug|Any CPU
		Release|Any CPU = Release|Any CPU
	EndGlobalSection
	GlobalSection(ProjectConfigurationPlatforms) = postSolution
		{45379723-1AEB-4946-95F5-B4315AE8CD2C}.Debug|Any CPU.ActiveCfg = Debug|Any CPU
		{45379723-1AEB-4946-95F5-B4315AE8CD2C}.Debug|Any CPU.Build.0 = Debug|Any CPU
		{45379723-1AEB-4946-95F5-B4315AE8CD2C}.Release|Any CPU.ActiveCfg = Release|Any CPU
		{45379723-1AEB-4946-95F5-B4315AE8CD2C}.Release|Any CPU.Build.0 = Release|Any CPU
	EndGlobalSection
	GlobalSection(SolutionProperties) = preSolution
		HideSolutionNode = FALSE
	EndGlobalSection
	GlobalSection(ExtensibilityGlobals) = postSolution
		SolutionGuid = {0F5F7DC5-1730-438D-BF91-D68037FBD314}
	EndGlobalSection
EndGlobal
